// !$*UTF8*$!
{
	archiveVersion = 1;
	classes = {
	};
	objectVersion = 50;
	objects = {

/* Begin PBXBuildFile section */
		8496431522AE69CC0068014A /* AppDelegate.m in Sources */ = {isa = PBXBuildFile; fileRef = 8496431422AE69CC0068014A /* AppDelegate.m */; };
		8496431822AE69CC0068014A /* ViewController.mm in Sources */ = {isa = PBXBuildFile; fileRef = 8496431722AE69CC0068014A /* ViewController.mm */; };
		8496431B22AE69CC0068014A /* Main.storyboard in Resources */ = {isa = PBXBuildFile; fileRef = 8496431922AE69CC0068014A /* Main.storyboard */; };
		8496431D22AE69CD0068014A /* Assets.xcassets in Resources */ = {isa = PBXBuildFile; fileRef = 8496431C22AE69CD0068014A /* Assets.xcassets */; };
		8496432022AE69CD0068014A /* LaunchScreen.storyboard in Resources */ = {isa = PBXBuildFile; fileRef = 8496431E22AE69CD0068014A /* LaunchScreen.storyboard */; };
		8496432322AE69CD0068014A /* main.m in Sources */ = {isa = PBXBuildFile; fileRef = 8496432222AE69CD0068014A /* main.m */; };
		8496432D22AE69CD0068014A /* cpbTests.m in Sources */ = {isa = PBXBuildFile; fileRef = 8496432C22AE69CD0068014A /* cpbTests.m */; };
		8496433822AE69CD0068014A /* cpbUITests.m in Sources */ = {isa = PBXBuildFile; fileRef = 8496433722AE69CD0068014A /* cpbUITests.m */; };
		8496434B22AF6F960068014A /* MICCircularProgressBar.mm in Sources */ = {isa = PBXBuildFile; fileRef = 8496434A22AF6F960068014A /* MICCircularProgressBar.mm */; };
		849643C722AF766D0068014A /* MICAcom.m in Sources */ = {isa = PBXBuildFile; fileRef = 8496436C22AF766D0068014A /* MICAcom.m */; };
		849643C822AF766D0068014A /* MICResetableEvent.m in Sources */ = {isa = PBXBuildFile; fileRef = 8496437122AF766D0068014A /* MICResetableEvent.m */; };
		849643C922AF766D0068014A /* MICTargetSelector.m in Sources */ = {isa = PBXBuildFile; fileRef = 8496437222AF766D0068014A /* MICTargetSelector.m */; };
		849643CA22AF766D0068014A /* MICImageUtil.mm in Sources */ = {isa = PBXBuildFile; fileRef = 8496437322AF766D0068014A /* MICImageUtil.mm */; };
		849643CB22AF766D0068014A /* MICPathRepository.m in Sources */ = {isa = PBXBuildFile; fileRef = 8496437522AF766D0068014A /* MICPathRepository.m */; };
		849643CC22AF766D0068014A /* MICExecutor.m in Sources */ = {isa = PBXBuildFile; fileRef = 8496437822AF766D0068014A /* MICExecutor.m */; };
		849643CD22AF766D0068014A /* MICQueue.m in Sources */ = {isa = PBXBuildFile; fileRef = 8496437F22AF766D0068014A /* MICQueue.m */; };
		849643CE22AF766D0068014A /* MICObservers.m in Sources */ = {isa = PBXBuildFile; fileRef = 8496438022AF766D0068014A /* MICObservers.m */; };
		849643CF22AF766D0068014A /* MICDelegates.m in Sources */ = {isa = PBXBuildFile; fileRef = 8496438222AF766D0068014A /* MICDelegates.m */; };
		849643D022AF766D0068014A /* MICSvgPath.mm in Sources */ = {isa = PBXBuildFile; fileRef = 8496438322AF766D0068014A /* MICSvgPath.mm */; };
		849643D122AF766D0068014A /* MICAsync.m in Sources */ = {isa = PBXBuildFile; fileRef = 8496438922AF766D0068014A /* MICAsync.m */; };
		849643D222AF766D0068014A /* MICSortedArray.mm in Sources */ = {isa = PBXBuildFile; fileRef = 8496438C22AF766D0068014A /* MICSortedArray.mm */; };
		849643D322AF766D0068014A /* MICArray.m in Sources */ = {isa = PBXBuildFile; fileRef = 8496438D22AF766D0068014A /* MICArray.m */; };
		849643D422AF766D0068014A /* MICTree.m in Sources */ = {isa = PBXBuildFile; fileRef = 8496438E22AF766D0068014A /* MICTree.m */; };
		849643D522AF766D0068014A /* MICMatrix.m in Sources */ = {isa = PBXBuildFile; fileRef = 8496438F22AF766D0068014A /* MICMatrix.m */; };
		849643D622AF766D0068014A /* MICUiStackLayout.mm in Sources */ = {isa = PBXBuildFile; fileRef = 8496439122AF766D0068014A /* MICUiStackLayout.mm */; };
		849643D722AF766D0068014A /* MICUiAccordionCellViewSwicherProc.m in Sources */ = {isa = PBXBuildFile; fileRef = 8496439222AF766D0068014A /* MICUiAccordionCellViewSwicherProc.m */; };
		849643D822AF766D0068014A /* MICUiGridLayout.mm in Sources */ = {isa = PBXBuildFile; fileRef = 8496439522AF766D0068014A /* MICUiGridLayout.mm */; };
		849643DA22AF766D0068014A /* MICUiCellDragSupportEx.mm in Sources */ = {isa = PBXBuildFile; fileRef = 8496439922AF766D0068014A /* MICUiCellDragSupportEx.mm */; };
		849643DB22AF766D0068014A /* MICUiCellDragSupport.mm in Sources */ = {isa = PBXBuildFile; fileRef = 8496439A22AF766D0068014A /* MICUiCellDragSupport.mm */; };
		849643DC22AF766D0068014A /* MICUiDragView.m in Sources */ = {isa = PBXBuildFile; fileRef = 8496439D22AF766D0068014A /* MICUiDragView.m */; };
		849643DD22AF766D0068014A /* MICUiCellDragHandler.m in Sources */ = {isa = PBXBuildFile; fileRef = 8496439F22AF766D0068014A /* MICUiCellDragHandler.m */; };
		849643DE22AF766D0068014A /* MICUiBaseLayout.m in Sources */ = {isa = PBXBuildFile; fileRef = 849643A122AF766D0068014A /* MICUiBaseLayout.m */; };
		849643DF22AF766D0068014A /* MICUiTabBarView.mm in Sources */ = {isa = PBXBuildFile; fileRef = 849643A322AF766D0068014A /* MICUiTabBarView.mm */; };
		849643E022AF766D0068014A /* MICUiGridView.m in Sources */ = {isa = PBXBuildFile; fileRef = 849643A522AF766D0068014A /* MICUiGridView.m */; };
		849643E122AF766D0068014A /* MICUiDsCustomButton.mm in Sources */ = {isa = PBXBuildFile; fileRef = 849643A922AF766D0068014A /* MICUiDsCustomButton.mm */; };
		849643E222AF766D0068014A /* MICUiDsSvgIconButton.mm in Sources */ = {isa = PBXBuildFile; fileRef = 849643AC22AF766D0068014A /* MICUiDsSvgIconButton.mm */; };
		849643E322AF766D0068014A /* MICUiDsTabButton.mm in Sources */ = {isa = PBXBuildFile; fileRef = 849643B022AF766D0068014A /* MICUiDsTabButton.mm */; };
		849643E422AF766D0068014A /* MICUiDsDefaults.m in Sources */ = {isa = PBXBuildFile; fileRef = 849643B222AF766D0068014A /* MICUiDsDefaults.m */; };
		849643E522AF766D0068014A /* MICUiStatefulResource.m in Sources */ = {isa = PBXBuildFile; fileRef = 849643B322AF766D0068014A /* MICUiStatefulResource.m */; };
		849643E622AF766D0068014A /* MICUiDsTabView.mm in Sources */ = {isa = PBXBuildFile; fileRef = 849643B422AF766D0068014A /* MICUiDsTabView.mm */; };
		849643E722AF766D0068014A /* MICUiLayoutView.m in Sources */ = {isa = PBXBuildFile; fileRef = 849643B722AF766D0068014A /* MICUiLayoutView.m */; };
		849643E822AF766D0068014A /* MICUiStackView.m in Sources */ = {isa = PBXBuildFile; fileRef = 849643B922AF766D0068014A /* MICUiStackView.m */; };
		849643E922AF766D0068014A /* MICUiAccordionView.mm in Sources */ = {isa = PBXBuildFile; fileRef = 849643BA22AF766D0068014A /* MICUiAccordionView.mm */; };
		849643EA22AF766D0068014A /* MICUiSimpleLayoutView.mm in Sources */ = {isa = PBXBuildFile; fileRef = 849643BB22AF766D0068014A /* MICUiSimpleLayoutView.mm */; };
		849643EB22AF766D0068014A /* MICUiAccordionCellView.mm in Sources */ = {isa = PBXBuildFile; fileRef = 849643BC22AF766D0068014A /* MICUiAccordionCellView.mm */; };
		849643EC22AF766D0068014A /* MICUiSimpleStackLayoutView.m in Sources */ = {isa = PBXBuildFile; fileRef = 849643BF22AF766D0068014A /* MICUiSimpleStackLayoutView.m */; };
		849643ED22AF766D0068014A /* MICUiSwitchingViewMediator.m in Sources */ = {isa = PBXBuildFile; fileRef = 849643C222AF766D0068014A /* MICUiSwitchingViewMediator.m */; };
		849643EF22AF766D0068014A /* MICUiVirtualView.mm in Sources */ = {isa = PBXBuildFile; fileRef = 849643C422AF766D0068014A /* MICUiVirtualView.mm */; };
		849643F022AF766D0068014A /* MICUiRelativeLayout.mm in Sources */ = {isa = PBXBuildFile; fileRef = 849643C522AF766D0068014A /* MICUiRelativeLayout.mm */; };
/* End PBXBuildFile section */

/* Begin PBXContainerItemProxy section */
		8496432922AE69CD0068014A /* PBXContainerItemProxy */ = {
			isa = PBXContainerItemProxy;
			containerPortal = 8496430822AE69CC0068014A /* Project object */;
			proxyType = 1;
			remoteGlobalIDString = 8496430F22AE69CC0068014A;
			remoteInfo = cpb;
		};
		8496433422AE69CD0068014A /* PBXContainerItemProxy */ = {
			isa = PBXContainerItemProxy;
			containerPortal = 8496430822AE69CC0068014A /* Project object */;
			proxyType = 1;
			remoteGlobalIDString = 8496430F22AE69CC0068014A;
			remoteInfo = cpb;
		};
/* End PBXContainerItemProxy section */

/* Begin PBXFileReference section */
		8496431022AE69CC0068014A /* cpb.app */ = {isa = PBXFileReference; explicitFileType = wrapper.application; includeInIndex = 0; path = cpb.app; sourceTree = BUILT_PRODUCTS_DIR; };
		8496431322AE69CC0068014A /* AppDelegate.h */ = {isa = PBXFileReference; lastKnownFileType = sourcecode.c.h; path = AppDelegate.h; sourceTree = "<group>"; };
		8496431422AE69CC0068014A /* AppDelegate.m */ = {isa = PBXFileReference; lastKnownFileType = sourcecode.c.objc; path = AppDelegate.m; sourceTree = "<group>"; };
		8496431622AE69CC0068014A /* ViewController.h */ = {isa = PBXFileReference; lastKnownFileType = sourcecode.c.h; path = ViewController.h; sourceTree = "<group>"; };
		8496431722AE69CC0068014A /* ViewController.mm */ = {isa = PBXFileReference; lastKnownFileType = sourcecode.cpp.objcpp; path = ViewController.mm; sourceTree = "<group>"; };
		8496431A22AE69CC0068014A /* Base */ = {isa = PBXFileReference; lastKnownFileType = file.storyboard; name = Base; path = Base.lproj/Main.storyboard; sourceTree = "<group>"; };
		8496431C22AE69CD0068014A /* Assets.xcassets */ = {isa = PBXFileReference; lastKnownFileType = folder.assetcatalog; path = Assets.xcassets; sourceTree = "<group>"; };
		8496431F22AE69CD0068014A /* Base */ = {isa = PBXFileReference; lastKnownFileType = file.storyboard; name = Base; path = Base.lproj/LaunchScreen.storyboard; sourceTree = "<group>"; };
		8496432122AE69CD0068014A /* Info.plist */ = {isa = PBXFileReference; lastKnownFileType = text.plist.xml; path = Info.plist; sourceTree = "<group>"; };
		8496432222AE69CD0068014A /* main.m */ = {isa = PBXFileReference; lastKnownFileType = sourcecode.c.objc; path = main.m; sourceTree = "<group>"; };
		8496432822AE69CD0068014A /* cpbTests.xctest */ = {isa = PBXFileReference; explicitFileType = wrapper.cfbundle; includeInIndex = 0; path = cpbTests.xctest; sourceTree = BUILT_PRODUCTS_DIR; };
		8496432C22AE69CD0068014A /* cpbTests.m */ = {isa = PBXFileReference; lastKnownFileType = sourcecode.c.objc; path = cpbTests.m; sourceTree = "<group>"; };
		8496432E22AE69CD0068014A /* Info.plist */ = {isa = PBXFileReference; lastKnownFileType = text.plist.xml; path = Info.plist; sourceTree = "<group>"; };
		8496433322AE69CD0068014A /* cpbUITests.xctest */ = {isa = PBXFileReference; explicitFileType = wrapper.cfbundle; includeInIndex = 0; path = cpbUITests.xctest; sourceTree = BUILT_PRODUCTS_DIR; };
		8496433722AE69CD0068014A /* cpbUITests.m */ = {isa = PBXFileReference; lastKnownFileType = sourcecode.c.objc; path = cpbUITests.m; sourceTree = "<group>"; };
		8496433922AE69CD0068014A /* Info.plist */ = {isa = PBXFileReference; lastKnownFileType = text.plist.xml; path = Info.plist; sourceTree = "<group>"; };
		8496434922AF6F960068014A /* MICCircularProgressBar.h */ = {isa = PBXFileReference; fileEncoding = 4; lastKnownFileType = sourcecode.c.h; path = MICCircularProgressBar.h; sourceTree = "<group>"; };
		8496434A22AF6F960068014A /* MICCircularProgressBar.mm */ = {isa = PBXFileReference; fileEncoding = 4; lastKnownFileType = sourcecode.cpp.objcpp; path = MICCircularProgressBar.mm; sourceTree = "<group>"; };
		8496436922AF766D0068014A /* MICUiStackLayout.h */ = {isa = PBXFileReference; fileEncoding = 4; lastKnownFileType = sourcecode.c.h; path = MICUiStackLayout.h; sourceTree = "<group>"; };
		8496436B22AF766D0068014A /* MICUiColorUtil.h */ = {isa = PBXFileReference; fileEncoding = 4; lastKnownFileType = sourcecode.c.h; path = MICUiColorUtil.h; sourceTree = "<group>"; };
		8496436C22AF766D0068014A /* MICAcom.m */ = {isa = PBXFileReference; fileEncoding = 4; lastKnownFileType = sourcecode.c.objc; path = MICAcom.m; sourceTree = "<group>"; };
		8496436D22AF766D0068014A /* MICObservers.h */ = {isa = PBXFileReference; fileEncoding = 4; lastKnownFileType = sourcecode.c.h; path = MICObservers.h; sourceTree = "<group>"; };
		8496436E22AF766D0068014A /* MICQueue.h */ = {isa = PBXFileReference; fileEncoding = 4; lastKnownFileType = sourcecode.c.h; path = MICQueue.h; sourceTree = "<group>"; };
		8496436F22AF766D0068014A /* MICDicUtil.h */ = {isa = PBXFileReference; fileEncoding = 4; lastKnownFileType = sourcecode.c.h; path = MICDicUtil.h; sourceTree = "<group>"; };
		8496437022AF766D0068014A /* MICStringUtil.h */ = {isa = PBXFileReference; fileEncoding = 4; lastKnownFileType = sourcecode.c.h; path = MICStringUtil.h; sourceTree = "<group>"; };
		8496437122AF766D0068014A /* MICResetableEvent.m */ = {isa = PBXFileReference; fileEncoding = 4; lastKnownFileType = sourcecode.c.objc; path = MICResetableEvent.m; sourceTree = "<group>"; };
		8496437222AF766D0068014A /* MICTargetSelector.m */ = {isa = PBXFileReference; fileEncoding = 4; lastKnownFileType = sourcecode.c.objc; path = MICTargetSelector.m; sourceTree = "<group>"; };
		8496437322AF766D0068014A /* MICImageUtil.mm */ = {isa = PBXFileReference; fileEncoding = 4; lastKnownFileType = sourcecode.cpp.objcpp; path = MICImageUtil.mm; sourceTree = "<group>"; };
		8496437422AF766D0068014A /* MICAsync.h */ = {isa = PBXFileReference; fileEncoding = 4; lastKnownFileType = sourcecode.c.h; path = MICAsync.h; sourceTree = "<group>"; };
		8496437522AF766D0068014A /* MICPathRepository.m */ = {isa = PBXFileReference; fileEncoding = 4; lastKnownFileType = sourcecode.c.objc; path = MICPathRepository.m; sourceTree = "<group>"; };
		8496437622AF766D0068014A /* MICSvgPath.h */ = {isa = PBXFileReference; fileEncoding = 4; lastKnownFileType = sourcecode.c.h; path = MICSvgPath.h; sourceTree = "<group>"; };
		8496437722AF766D0068014A /* MICDelegates.h */ = {isa = PBXFileReference; fileEncoding = 4; lastKnownFileType = sourcecode.c.h; path = MICDelegates.h; sourceTree = "<group>"; };
		8496437822AF766D0068014A /* MICExecutor.m */ = {isa = PBXFileReference; fileEncoding = 4; lastKnownFileType = sourcecode.c.objc; path = MICExecutor.m; sourceTree = "<group>"; };
		8496437922AF766D0068014A /* MICMatrix.h */ = {isa = PBXFileReference; fileEncoding = 4; lastKnownFileType = sourcecode.c.h; path = MICMatrix.h; sourceTree = "<group>"; };
		8496437A22AF766D0068014A /* MICTree.h */ = {isa = PBXFileReference; fileEncoding = 4; lastKnownFileType = sourcecode.c.h; path = MICTree.h; sourceTree = "<group>"; };
		8496437B22AF766D0068014A /* MICSortedArray.h */ = {isa = PBXFileReference; fileEncoding = 4; lastKnownFileType = sourcecode.c.h; path = MICSortedArray.h; sourceTree = "<group>"; };
		8496437C22AF766D0068014A /* MICArray.h */ = {isa = PBXFileReference; fileEncoding = 4; lastKnownFileType = sourcecode.c.h; path = MICArray.h; sourceTree = "<group>"; };
		8496437D22AF766D0068014A /* MICAcom.h */ = {isa = PBXFileReference; fileEncoding = 4; lastKnownFileType = sourcecode.c.h; path = MICAcom.h; sourceTree = "<group>"; };
		8496437E22AF766D0068014A /* MICCGContext.h */ = {isa = PBXFileReference; fileEncoding = 4; lastKnownFileType = sourcecode.c.h; path = MICCGContext.h; sourceTree = "<group>"; };
		8496437F22AF766D0068014A /* MICQueue.m */ = {isa = PBXFileReference; fileEncoding = 4; lastKnownFileType = sourcecode.c.objc; path = MICQueue.m; sourceTree = "<group>"; };
		8496438022AF766D0068014A /* MICObservers.m */ = {isa = PBXFileReference; fileEncoding = 4; lastKnownFileType = sourcecode.c.objc; path = MICObservers.m; sourceTree = "<group>"; };
		8496438122AF766D0068014A /* MICExecutor.h */ = {isa = PBXFileReference; fileEncoding = 4; lastKnownFileType = sourcecode.c.h; path = MICExecutor.h; sourceTree = "<group>"; };
		8496438222AF766D0068014A /* MICDelegates.m */ = {isa = PBXFileReference; fileEncoding = 4; lastKnownFileType = sourcecode.c.objc; path = MICDelegates.m; sourceTree = "<group>"; };
		8496438322AF766D0068014A /* MICSvgPath.mm */ = {isa = PBXFileReference; fileEncoding = 4; lastKnownFileType = sourcecode.cpp.objcpp; path = MICSvgPath.mm; sourceTree = "<group>"; };
		8496438422AF766D0068014A /* MICVar.h */ = {isa = PBXFileReference; fileEncoding = 4; lastKnownFileType = sourcecode.c.h; path = MICVar.h; sourceTree = "<group>"; };
		8496438522AF766D0068014A /* MICSpan.h */ = {isa = PBXFileReference; fileEncoding = 4; lastKnownFileType = sourcecode.c.h; path = MICSpan.h; sourceTree = "<group>"; };
		8496438622AF766D0068014A /* MICPathRepository.h */ = {isa = PBXFileReference; fileEncoding = 4; lastKnownFileType = sourcecode.c.h; path = MICPathRepository.h; sourceTree = "<group>"; };
		8496438722AF766D0068014A /* MICImageUtil.h */ = {isa = PBXFileReference; fileEncoding = 4; lastKnownFileType = sourcecode.c.h; path = MICImageUtil.h; sourceTree = "<group>"; };
		8496438822AF766D0068014A /* MICUiRectUtil.h */ = {isa = PBXFileReference; fileEncoding = 4; lastKnownFileType = sourcecode.c.h; path = MICUiRectUtil.h; sourceTree = "<group>"; };
		8496438922AF766D0068014A /* MICAsync.m */ = {isa = PBXFileReference; fileEncoding = 4; lastKnownFileType = sourcecode.c.objc; path = MICAsync.m; sourceTree = "<group>"; };
		8496438A22AF766D0068014A /* MICTargetSelector.h */ = {isa = PBXFileReference; fileEncoding = 4; lastKnownFileType = sourcecode.c.h; path = MICTargetSelector.h; sourceTree = "<group>"; };
		8496438B22AF766D0068014A /* MICResetableEvent.h */ = {isa = PBXFileReference; fileEncoding = 4; lastKnownFileType = sourcecode.c.h; path = MICResetableEvent.h; sourceTree = "<group>"; };
		8496438C22AF766D0068014A /* MICSortedArray.mm */ = {isa = PBXFileReference; fileEncoding = 4; lastKnownFileType = sourcecode.cpp.objcpp; path = MICSortedArray.mm; sourceTree = "<group>"; };
		8496438D22AF766D0068014A /* MICArray.m */ = {isa = PBXFileReference; fileEncoding = 4; lastKnownFileType = sourcecode.c.objc; path = MICArray.m; sourceTree = "<group>"; };
		8496438E22AF766D0068014A /* MICTree.m */ = {isa = PBXFileReference; fileEncoding = 4; lastKnownFileType = sourcecode.c.objc; path = MICTree.m; sourceTree = "<group>"; };
		8496438F22AF766D0068014A /* MICMatrix.m */ = {isa = PBXFileReference; fileEncoding = 4; lastKnownFileType = sourcecode.c.objc; path = MICMatrix.m; sourceTree = "<group>"; };
		8496439022AF766D0068014A /* MICUiSwitchingViewMediator.h */ = {isa = PBXFileReference; fileEncoding = 4; lastKnownFileType = sourcecode.c.h; path = MICUiSwitchingViewMediator.h; sourceTree = "<group>"; };
		8496439122AF766D0068014A /* MICUiStackLayout.mm */ = {isa = PBXFileReference; fileEncoding = 4; lastKnownFileType = sourcecode.cpp.objcpp; path = MICUiStackLayout.mm; sourceTree = "<group>"; };
		8496439222AF766D0068014A /* MICUiAccordionCellViewSwicherProc.m */ = {isa = PBXFileReference; fileEncoding = 4; lastKnownFileType = sourcecode.c.objc; path = MICUiAccordionCellViewSwicherProc.m; sourceTree = "<group>"; };
		8496439322AF766D0068014A /* MICUiBaseLayout.h */ = {isa = PBXFileReference; fileEncoding = 4; lastKnownFileType = sourcecode.c.h; path = MICUiBaseLayout.h; sourceTree = "<group>"; };
		8496439422AF766D0068014A /* MICUiVirtualView.h */ = {isa = PBXFileReference; fileEncoding = 4; lastKnownFileType = sourcecode.c.h; path = MICUiVirtualView.h; sourceTree = "<group>"; };
		8496439522AF766D0068014A /* MICUiGridLayout.mm */ = {isa = PBXFileReference; fileEncoding = 4; lastKnownFileType = sourcecode.cpp.objcpp; path = MICUiGridLayout.mm; sourceTree = "<group>"; };
		8496439822AF766D0068014A /* MICUiDragView.h */ = {isa = PBXFileReference; fileEncoding = 4; lastKnownFileType = sourcecode.c.h; path = MICUiDragView.h; sourceTree = "<group>"; };
		8496439922AF766D0068014A /* MICUiCellDragSupportEx.mm */ = {isa = PBXFileReference; fileEncoding = 4; lastKnownFileType = sourcecode.cpp.objcpp; path = MICUiCellDragSupportEx.mm; sourceTree = "<group>"; };
		8496439A22AF766D0068014A /* MICUiCellDragSupport.mm */ = {isa = PBXFileReference; fileEncoding = 4; lastKnownFileType = sourcecode.cpp.objcpp; path = MICUiCellDragSupport.mm; sourceTree = "<group>"; };
		8496439B22AF766D0068014A /* MICUiCellDragHandler.h */ = {isa = PBXFileReference; fileEncoding = 4; lastKnownFileType = sourcecode.c.h; path = MICUiCellDragHandler.h; sourceTree = "<group>"; };
		8496439C22AF766D0068014A /* MICUiCellDragSupport.h */ = {isa = PBXFileReference; fileEncoding = 4; lastKnownFileType = sourcecode.c.h; path = MICUiCellDragSupport.h; sourceTree = "<group>"; };
		8496439D22AF766D0068014A /* MICUiDragView.m */ = {isa = PBXFileReference; fileEncoding = 4; lastKnownFileType = sourcecode.c.objc; path = MICUiDragView.m; sourceTree = "<group>"; };
		8496439E22AF766D0068014A /* MICUiCellDragSupportEx.h */ = {isa = PBXFileReference; fileEncoding = 4; lastKnownFileType = sourcecode.c.h; path = MICUiCellDragSupportEx.h; sourceTree = "<group>"; };
		8496439F22AF766D0068014A /* MICUiCellDragHandler.m */ = {isa = PBXFileReference; fileEncoding = 4; lastKnownFileType = sourcecode.c.objc; path = MICUiCellDragHandler.m; sourceTree = "<group>"; };
		849643A022AF766D0068014A /* MICUiLayout.h */ = {isa = PBXFileReference; fileEncoding = 4; lastKnownFileType = sourcecode.c.h; path = MICUiLayout.h; sourceTree = "<group>"; };
		849643A122AF766D0068014A /* MICUiBaseLayout.m */ = {isa = PBXFileReference; fileEncoding = 4; lastKnownFileType = sourcecode.c.objc; path = MICUiBaseLayout.m; sourceTree = "<group>"; };
		849643A322AF766D0068014A /* MICUiTabBarView.mm */ = {isa = PBXFileReference; fileEncoding = 4; lastKnownFileType = sourcecode.cpp.objcpp; path = MICUiTabBarView.mm; sourceTree = "<group>"; };
		849643A422AF766D0068014A /* MICUiStackView.h */ = {isa = PBXFileReference; fileEncoding = 4; lastKnownFileType = sourcecode.c.h; path = MICUiStackView.h; sourceTree = "<group>"; };
		849643A522AF766D0068014A /* MICUiGridView.m */ = {isa = PBXFileReference; fileEncoding = 4; lastKnownFileType = sourcecode.c.objc; path = MICUiGridView.m; sourceTree = "<group>"; };
		849643A622AF766D0068014A /* MICUiTabBarView.h */ = {isa = PBXFileReference; fileEncoding = 4; lastKnownFileType = sourcecode.c.h; path = MICUiTabBarView.h; sourceTree = "<group>"; };
		849643A722AF766D0068014A /* MICUiAccordionView.h */ = {isa = PBXFileReference; fileEncoding = 4; lastKnownFileType = sourcecode.c.h; path = MICUiAccordionView.h; sourceTree = "<group>"; };
		849643A922AF766D0068014A /* MICUiDsCustomButton.mm */ = {isa = PBXFileReference; fileEncoding = 4; lastKnownFileType = sourcecode.cpp.objcpp; path = MICUiDsCustomButton.mm; sourceTree = "<group>"; };
		849643AA22AF766D0068014A /* MICUiDsSvgIconButton.h */ = {isa = PBXFileReference; fileEncoding = 4; lastKnownFileType = sourcecode.c.h; path = MICUiDsSvgIconButton.h; sourceTree = "<group>"; };
		849643AB22AF766D0068014A /* MICUiDsDefaults.h */ = {isa = PBXFileReference; fileEncoding = 4; lastKnownFileType = sourcecode.c.h; path = MICUiDsDefaults.h; sourceTree = "<group>"; };
		849643AC22AF766D0068014A /* MICUiDsSvgIconButton.mm */ = {isa = PBXFileReference; fileEncoding = 4; lastKnownFileType = sourcecode.cpp.objcpp; path = MICUiDsSvgIconButton.mm; sourceTree = "<group>"; };
		849643AD22AF766D0068014A /* MICUiStatefulResource.h */ = {isa = PBXFileReference; fileEncoding = 4; lastKnownFileType = sourcecode.c.h; path = MICUiStatefulResource.h; sourceTree = "<group>"; };
		849643AE22AF766D0068014A /* MICUiDsTabView.h */ = {isa = PBXFileReference; fileEncoding = 4; lastKnownFileType = sourcecode.c.h; path = MICUiDsTabView.h; sourceTree = "<group>"; };
		849643AF22AF766D0068014A /* MICUiDsTabButton.h */ = {isa = PBXFileReference; fileEncoding = 4; lastKnownFileType = sourcecode.c.h; path = MICUiDsTabButton.h; sourceTree = "<group>"; };
		849643B022AF766D0068014A /* MICUiDsTabButton.mm */ = {isa = PBXFileReference; fileEncoding = 4; lastKnownFileType = sourcecode.cpp.objcpp; path = MICUiDsTabButton.mm; sourceTree = "<group>"; };
		849643B122AF766D0068014A /* MICUiDsCustomButton.h */ = {isa = PBXFileReference; fileEncoding = 4; lastKnownFileType = sourcecode.c.h; path = MICUiDsCustomButton.h; sourceTree = "<group>"; };
		849643B222AF766D0068014A /* MICUiDsDefaults.m */ = {isa = PBXFileReference; fileEncoding = 4; lastKnownFileType = sourcecode.c.objc; path = MICUiDsDefaults.m; sourceTree = "<group>"; };
		849643B322AF766D0068014A /* MICUiStatefulResource.m */ = {isa = PBXFileReference; fileEncoding = 4; lastKnownFileType = sourcecode.c.objc; path = MICUiStatefulResource.m; sourceTree = "<group>"; };
		849643B422AF766D0068014A /* MICUiDsTabView.mm */ = {isa = PBXFileReference; fileEncoding = 4; lastKnownFileType = sourcecode.cpp.objcpp; path = MICUiDsTabView.mm; sourceTree = "<group>"; };
		849643B522AF766D0068014A /* MICUiSimpleStackLayoutView.h */ = {isa = PBXFileReference; fileEncoding = 4; lastKnownFileType = sourcecode.c.h; path = MICUiSimpleStackLayoutView.h; sourceTree = "<group>"; };
		849643B622AF766D0068014A /* MICUiSimpleLayoutView.h */ = {isa = PBXFileReference; fileEncoding = 4; lastKnownFileType = sourcecode.c.h; path = MICUiSimpleLayoutView.h; sourceTree = "<group>"; };
		849643B722AF766D0068014A /* MICUiLayoutView.m */ = {isa = PBXFileReference; fileEncoding = 4; lastKnownFileType = sourcecode.c.objc; path = MICUiLayoutView.m; sourceTree = "<group>"; };
		849643B822AF766D0068014A /* MICUiGridView.h */ = {isa = PBXFileReference; fileEncoding = 4; lastKnownFileType = sourcecode.c.h; path = MICUiGridView.h; sourceTree = "<group>"; };
		849643B922AF766D0068014A /* MICUiStackView.m */ = {isa = PBXFileReference; fileEncoding = 4; lastKnownFileType = sourcecode.c.objc; path = MICUiStackView.m; sourceTree = "<group>"; };
		849643BA22AF766D0068014A /* MICUiAccordionView.mm */ = {isa = PBXFileReference; fileEncoding = 4; lastKnownFileType = sourcecode.cpp.objcpp; path = MICUiAccordionView.mm; sourceTree = "<group>"; };
		849643BB22AF766D0068014A /* MICUiSimpleLayoutView.mm */ = {isa = PBXFileReference; fileEncoding = 4; lastKnownFileType = sourcecode.cpp.objcpp; path = MICUiSimpleLayoutView.mm; sourceTree = "<group>"; };
		849643BC22AF766D0068014A /* MICUiAccordionCellView.mm */ = {isa = PBXFileReference; fileEncoding = 4; lastKnownFileType = sourcecode.cpp.objcpp; path = MICUiAccordionCellView.mm; sourceTree = "<group>"; };
		849643BD22AF766D0068014A /* MICUiLayoutView.h */ = {isa = PBXFileReference; fileEncoding = 4; lastKnownFileType = sourcecode.c.h; path = MICUiLayoutView.h; sourceTree = "<group>"; };
		849643BE22AF766D0068014A /* MICUiAccordionCellView.h */ = {isa = PBXFileReference; fileEncoding = 4; lastKnownFileType = sourcecode.c.h; path = MICUiAccordionCellView.h; sourceTree = "<group>"; };
		849643BF22AF766D0068014A /* MICUiSimpleStackLayoutView.m */ = {isa = PBXFileReference; fileEncoding = 4; lastKnownFileType = sourcecode.c.objc; path = MICUiSimpleStackLayoutView.m; sourceTree = "<group>"; };
		849643C022AF766D0068014A /* MICUiRelativeLayout.h */ = {isa = PBXFileReference; fileEncoding = 4; lastKnownFileType = sourcecode.c.h; path = MICUiRelativeLayout.h; sourceTree = "<group>"; };
		849643C122AF766D0068014A /* MICUiAccordionCellViewSwicherProc.h */ = {isa = PBXFileReference; fileEncoding = 4; lastKnownFileType = sourcecode.c.h; path = MICUiAccordionCellViewSwicherProc.h; sourceTree = "<group>"; };
		849643C222AF766D0068014A /* MICUiSwitchingViewMediator.m */ = {isa = PBXFileReference; fileEncoding = 4; lastKnownFileType = sourcecode.c.objc; path = MICUiSwitchingViewMediator.m; sourceTree = "<group>"; };
		849643C422AF766D0068014A /* MICUiVirtualView.mm */ = {isa = PBXFileReference; fileEncoding = 4; lastKnownFileType = sourcecode.cpp.objcpp; path = MICUiVirtualView.mm; sourceTree = "<group>"; };
		849643C522AF766D0068014A /* MICUiRelativeLayout.mm */ = {isa = PBXFileReference; fileEncoding = 4; lastKnownFileType = sourcecode.cpp.objcpp; path = MICUiRelativeLayout.mm; sourceTree = "<group>"; };
		849643C622AF766D0068014A /* MICUiGridLayout.h */ = {isa = PBXFileReference; fileEncoding = 4; lastKnownFileType = sourcecode.c.h; path = MICUiGridLayout.h; sourceTree = "<group>"; };
/* End PBXFileReference section */

/* Begin PBXFrameworksBuildPhase section */
		8496430D22AE69CC0068014A /* Frameworks */ = {
			isa = PBXFrameworksBuildPhase;
			buildActionMask = 2147483647;
			files = (
			);
			runOnlyForDeploymentPostprocessing = 0;
		};
		8496432522AE69CD0068014A /* Frameworks */ = {
			isa = PBXFrameworksBuildPhase;
			buildActionMask = 2147483647;
			files = (
			);
			runOnlyForDeploymentPostprocessing = 0;
		};
		8496433022AE69CD0068014A /* Frameworks */ = {
			isa = PBXFrameworksBuildPhase;
			buildActionMask = 2147483647;
			files = (
			);
			runOnlyForDeploymentPostprocessing = 0;
		};
/* End PBXFrameworksBuildPhase section */

/* Begin PBXGroup section */
		8496430722AE69CC0068014A = {
			isa = PBXGroup;
			children = (
				8496431222AE69CC0068014A /* cpb */,
				8496432B22AE69CD0068014A /* cpbTests */,
				8496433622AE69CD0068014A /* cpbUITests */,
				8496431122AE69CC0068014A /* Products */,
			);
			sourceTree = "<group>";
		};
		8496431122AE69CC0068014A /* Products */ = {
			isa = PBXGroup;
			children = (
				8496431022AE69CC0068014A /* cpb.app */,
				8496432822AE69CD0068014A /* cpbTests.xctest */,
				8496433322AE69CD0068014A /* cpbUITests.xctest */,
			);
			name = Products;
			sourceTree = "<group>";
		};
		8496431222AE69CC0068014A /* cpb */ = {
			isa = PBXGroup;
			children = (
				8496436822AF766D0068014A /* layouter */,
				8496434922AF6F960068014A /* MICCircularProgressBar.h */,
				8496434A22AF6F960068014A /* MICCircularProgressBar.mm */,
				8496431322AE69CC0068014A /* AppDelegate.h */,
				8496431422AE69CC0068014A /* AppDelegate.m */,
				8496431622AE69CC0068014A /* ViewController.h */,
				8496431722AE69CC0068014A /* ViewController.mm */,
				8496431922AE69CC0068014A /* Main.storyboard */,
				8496431C22AE69CD0068014A /* Assets.xcassets */,
				8496431E22AE69CD0068014A /* LaunchScreen.storyboard */,
				8496432122AE69CD0068014A /* Info.plist */,
				8496432222AE69CD0068014A /* main.m */,
			);
			path = cpb;
			sourceTree = "<group>";
		};
		8496432B22AE69CD0068014A /* cpbTests */ = {
			isa = PBXGroup;
			children = (
				8496432C22AE69CD0068014A /* cpbTests.m */,
				8496432E22AE69CD0068014A /* Info.plist */,
			);
			path = cpbTests;
			sourceTree = "<group>";
		};
		8496433622AE69CD0068014A /* cpbUITests */ = {
			isa = PBXGroup;
			children = (
				8496433722AE69CD0068014A /* cpbUITests.m */,
				8496433922AE69CD0068014A /* Info.plist */,
			);
			path = cpbUITests;
			sourceTree = "<group>";
		};
		8496436822AF766D0068014A /* layouter */ = {
			isa = PBXGroup;
			children = (
				8496436A22AF766D0068014A /* ut */,
				849643A222AF766D0068014A /* view */,
				8496439722AF766D0068014A /* dd */,
				8496436922AF766D0068014A /* MICUiStackLayout.h */,
				8496439022AF766D0068014A /* MICUiSwitchingViewMediator.h */,
				8496439122AF766D0068014A /* MICUiStackLayout.mm */,
				8496439222AF766D0068014A /* MICUiAccordionCellViewSwicherProc.m */,
				8496439322AF766D0068014A /* MICUiBaseLayout.h */,
				8496439422AF766D0068014A /* MICUiVirtualView.h */,
				8496439522AF766D0068014A /* MICUiGridLayout.mm */,
				849643A022AF766D0068014A /* MICUiLayout.h */,
				849643A122AF766D0068014A /* MICUiBaseLayout.m */,
				849643C022AF766D0068014A /* MICUiRelativeLayout.h */,
				849643C122AF766D0068014A /* MICUiAccordionCellViewSwicherProc.h */,
				849643C222AF766D0068014A /* MICUiSwitchingViewMediator.m */,
				849643C422AF766D0068014A /* MICUiVirtualView.mm */,
				849643C522AF766D0068014A /* MICUiRelativeLayout.mm */,
				849643C622AF766D0068014A /* MICUiGridLayout.h */,
			);
			name = layouter;
			path = layouter/layouter;
			sourceTree = "<group>";
		};
		8496436A22AF766D0068014A /* ut */ = {
			isa = PBXGroup;
			children = (
				8496436B22AF766D0068014A /* MICUiColorUtil.h */,
				8496436C22AF766D0068014A /* MICAcom.m */,
				8496436D22AF766D0068014A /* MICObservers.h */,
				8496436E22AF766D0068014A /* MICQueue.h */,
				8496436F22AF766D0068014A /* MICDicUtil.h */,
				8496437022AF766D0068014A /* MICStringUtil.h */,
				8496437122AF766D0068014A /* MICResetableEvent.m */,
				8496437222AF766D0068014A /* MICTargetSelector.m */,
				8496437322AF766D0068014A /* MICImageUtil.mm */,
				8496437422AF766D0068014A /* MICAsync.h */,
				8496437522AF766D0068014A /* MICPathRepository.m */,
				8496437622AF766D0068014A /* MICSvgPath.h */,
				8496437722AF766D0068014A /* MICDelegates.h */,
				8496437822AF766D0068014A /* MICExecutor.m */,
				8496437922AF766D0068014A /* MICMatrix.h */,
				8496437A22AF766D0068014A /* MICTree.h */,
				8496437B22AF766D0068014A /* MICSortedArray.h */,
				8496437C22AF766D0068014A /* MICArray.h */,
				8496437D22AF766D0068014A /* MICAcom.h */,
				8496437E22AF766D0068014A /* MICCGContext.h */,
				8496437F22AF766D0068014A /* MICQueue.m */,
				8496438022AF766D0068014A /* MICObservers.m */,
				8496438122AF766D0068014A /* MICExecutor.h */,
				8496438222AF766D0068014A /* MICDelegates.m */,
				8496438322AF766D0068014A /* MICSvgPath.mm */,
				8496438422AF766D0068014A /* MICVar.h */,
				8496438522AF766D0068014A /* MICSpan.h */,
				8496438622AF766D0068014A /* MICPathRepository.h */,
				8496438722AF766D0068014A /* MICImageUtil.h */,
				8496438822AF766D0068014A /* MICUiRectUtil.h */,
				8496438922AF766D0068014A /* MICAsync.m */,
				8496438A22AF766D0068014A /* MICTargetSelector.h */,
				8496438B22AF766D0068014A /* MICResetableEvent.h */,
				8496438C22AF766D0068014A /* MICSortedArray.mm */,
				8496438D22AF766D0068014A /* MICArray.m */,
				8496438E22AF766D0068014A /* MICTree.m */,
				8496438F22AF766D0068014A /* MICMatrix.m */,
			);
			path = ut;
			sourceTree = "<group>";
		};
		8496439722AF766D0068014A /* dd */ = {
			isa = PBXGroup;
			children = (
				8496439822AF766D0068014A /* MICUiDragView.h */,
				8496439922AF766D0068014A /* MICUiCellDragSupportEx.mm */,
				8496439A22AF766D0068014A /* MICUiCellDragSupport.mm */,
				8496439B22AF766D0068014A /* MICUiCellDragHandler.h */,
				8496439C22AF766D0068014A /* MICUiCellDragSupport.h */,
				8496439D22AF766D0068014A /* MICUiDragView.m */,
				8496439E22AF766D0068014A /* MICUiCellDragSupportEx.h */,
				8496439F22AF766D0068014A /* MICUiCellDragHandler.m */,
			);
			path = dd;
			sourceTree = "<group>";
		};
		849643A222AF766D0068014A /* view */ = {
			isa = PBXGroup;
			children = (
				849643A822AF766D0068014A /* designed */,
				849643A322AF766D0068014A /* MICUiTabBarView.mm */,
				849643A422AF766D0068014A /* MICUiStackView.h */,
				849643A522AF766D0068014A /* MICUiGridView.m */,
				849643A622AF766D0068014A /* MICUiTabBarView.h */,
				849643A722AF766D0068014A /* MICUiAccordionView.h */,
				849643B522AF766D0068014A /* MICUiSimpleStackLayoutView.h */,
				849643B622AF766D0068014A /* MICUiSimpleLayoutView.h */,
				849643B722AF766D0068014A /* MICUiLayoutView.m */,
				849643B822AF766D0068014A /* MICUiGridView.h */,
				849643B922AF766D0068014A /* MICUiStackView.m */,
				849643BA22AF766D0068014A /* MICUiAccordionView.mm */,
				849643BB22AF766D0068014A /* MICUiSimpleLayoutView.mm */,
				849643BC22AF766D0068014A /* MICUiAccordionCellView.mm */,
				849643BD22AF766D0068014A /* MICUiLayoutView.h */,
				849643BE22AF766D0068014A /* MICUiAccordionCellView.h */,
				849643BF22AF766D0068014A /* MICUiSimpleStackLayoutView.m */,
			);
			path = view;
			sourceTree = "<group>";
		};
		849643A822AF766D0068014A /* designed */ = {
			isa = PBXGroup;
			children = (
				849643A922AF766D0068014A /* MICUiDsCustomButton.mm */,
				849643AA22AF766D0068014A /* MICUiDsSvgIconButton.h */,
				849643AB22AF766D0068014A /* MICUiDsDefaults.h */,
				849643AC22AF766D0068014A /* MICUiDsSvgIconButton.mm */,
				849643AD22AF766D0068014A /* MICUiStatefulResource.h */,
				849643AE22AF766D0068014A /* MICUiDsTabView.h */,
				849643AF22AF766D0068014A /* MICUiDsTabButton.h */,
				849643B022AF766D0068014A /* MICUiDsTabButton.mm */,
				849643B122AF766D0068014A /* MICUiDsCustomButton.h */,
				849643B222AF766D0068014A /* MICUiDsDefaults.m */,
				849643B322AF766D0068014A /* MICUiStatefulResource.m */,
				849643B422AF766D0068014A /* MICUiDsTabView.mm */,
			);
			path = designed;
			sourceTree = "<group>";
		};
/* End PBXGroup section */

/* Begin PBXNativeTarget section */
		8496430F22AE69CC0068014A /* cpb */ = {
			isa = PBXNativeTarget;
			buildConfigurationList = 8496433C22AE69CD0068014A /* Build configuration list for PBXNativeTarget "cpb" */;
			buildPhases = (
				8496430C22AE69CC0068014A /* Sources */,
				8496430D22AE69CC0068014A /* Frameworks */,
				8496430E22AE69CC0068014A /* Resources */,
			);
			buildRules = (
			);
			dependencies = (
			);
			name = cpb;
			productName = cpb;
			productReference = 8496431022AE69CC0068014A /* cpb.app */;
			productType = "com.apple.product-type.application";
		};
		8496432722AE69CD0068014A /* cpbTests */ = {
			isa = PBXNativeTarget;
			buildConfigurationList = 8496433F22AE69CD0068014A /* Build configuration list for PBXNativeTarget "cpbTests" */;
			buildPhases = (
				8496432422AE69CD0068014A /* Sources */,
				8496432522AE69CD0068014A /* Frameworks */,
				8496432622AE69CD0068014A /* Resources */,
			);
			buildRules = (
			);
			dependencies = (
				8496432A22AE69CD0068014A /* PBXTargetDependency */,
			);
			name = cpbTests;
			productName = cpbTests;
			productReference = 8496432822AE69CD0068014A /* cpbTests.xctest */;
			productType = "com.apple.product-type.bundle.unit-test";
		};
		8496433222AE69CD0068014A /* cpbUITests */ = {
			isa = PBXNativeTarget;
			buildConfigurationList = 8496434222AE69CD0068014A /* Build configuration list for PBXNativeTarget "cpbUITests" */;
			buildPhases = (
				8496432F22AE69CD0068014A /* Sources */,
				8496433022AE69CD0068014A /* Frameworks */,
				8496433122AE69CD0068014A /* Resources */,
			);
			buildRules = (
			);
			dependencies = (
				8496433522AE69CD0068014A /* PBXTargetDependency */,
			);
			name = cpbUITests;
			productName = cpbUITests;
			productReference = 8496433322AE69CD0068014A /* cpbUITests.xctest */;
			productType = "com.apple.product-type.bundle.ui-testing";
		};
/* End PBXNativeTarget section */

/* Begin PBXProject section */
		8496430822AE69CC0068014A /* Project object */ = {
			isa = PBXProject;
			attributes = {
				LastUpgradeCheck = 1020;
				ORGANIZATIONNAME = "Mitsuki Toyota";
				TargetAttributes = {
					8496430F22AE69CC0068014A = {
						CreatedOnToolsVersion = 10.2.1;
					};
					8496432722AE69CD0068014A = {
						CreatedOnToolsVersion = 10.2.1;
						TestTargetID = 8496430F22AE69CC0068014A;
					};
					8496433222AE69CD0068014A = {
						CreatedOnToolsVersion = 10.2.1;
						TestTargetID = 8496430F22AE69CC0068014A;
					};
				};
			};
			buildConfigurationList = 8496430B22AE69CC0068014A /* Build configuration list for PBXProject "cpb" */;
			compatibilityVersion = "Xcode 9.3";
			developmentRegion = en;
			hasScannedForEncodings = 0;
			knownRegions = (
				en,
				Base,
			);
			mainGroup = 8496430722AE69CC0068014A;
			productRefGroup = 8496431122AE69CC0068014A /* Products */;
			projectDirPath = "";
			projectRoot = "";
			targets = (
				8496430F22AE69CC0068014A /* cpb */,
				8496432722AE69CD0068014A /* cpbTests */,
				8496433222AE69CD0068014A /* cpbUITests */,
			);
		};
/* End PBXProject section */

/* Begin PBXResourcesBuildPhase section */
		8496430E22AE69CC0068014A /* Resources */ = {
			isa = PBXResourcesBuildPhase;
			buildActionMask = 2147483647;
			files = (
				8496432022AE69CD0068014A /* LaunchScreen.storyboard in Resources */,
				8496431D22AE69CD0068014A /* Assets.xcassets in Resources */,
				8496431B22AE69CC0068014A /* Main.storyboard in Resources */,
			);
			runOnlyForDeploymentPostprocessing = 0;
		};
		8496432622AE69CD0068014A /* Resources */ = {
			isa = PBXResourcesBuildPhase;
			buildActionMask = 2147483647;
			files = (
			);
			runOnlyForDeploymentPostprocessing = 0;
		};
		8496433122AE69CD0068014A /* Resources */ = {
			isa = PBXResourcesBuildPhase;
			buildActionMask = 2147483647;
			files = (
			);
			runOnlyForDeploymentPostprocessing = 0;
		};
/* End PBXResourcesBuildPhase section */

/* Begin PBXSourcesBuildPhase section */
		8496430C22AE69CC0068014A /* Sources */ = {
			isa = PBXSourcesBuildPhase;
			buildActionMask = 2147483647;
			files = (
				849643CF22AF766D0068014A /* MICDelegates.m in Sources */,
				849643DC22AF766D0068014A /* MICUiDragView.m in Sources */,
				849643DB22AF766D0068014A /* MICUiCellDragSupport.mm in Sources */,
				849643CC22AF766D0068014A /* MICExecutor.m in Sources */,
				849643ED22AF766D0068014A /* MICUiSwitchingViewMediator.m in Sources */,
				849643DF22AF766D0068014A /* MICUiTabBarView.mm in Sources */,
				849643E022AF766D0068014A /* MICUiGridView.m in Sources */,
				849643E222AF766D0068014A /* MICUiDsSvgIconButton.mm in Sources */,
				849643D622AF766D0068014A /* MICUiStackLayout.mm in Sources */,
				849643EC22AF766D0068014A /* MICUiSimpleStackLayoutView.m in Sources */,
				849643D222AF766D0068014A /* MICSortedArray.mm in Sources */,
				849643D522AF766D0068014A /* MICMatrix.m in Sources */,
				849643E422AF766D0068014A /* MICUiDsDefaults.m in Sources */,
				849643D822AF766D0068014A /* MICUiGridLayout.mm in Sources */,
				849643DA22AF766D0068014A /* MICUiCellDragSupportEx.mm in Sources */,
				849643C922AF766D0068014A /* MICTargetSelector.m in Sources */,
				849643CA22AF766D0068014A /* MICImageUtil.mm in Sources */,
				849643EA22AF766D0068014A /* MICUiSimpleLayoutView.mm in Sources */,
				849643E822AF766D0068014A /* MICUiStackView.m in Sources */,
				849643EF22AF766D0068014A /* MICUiVirtualView.mm in Sources */,
				8496431822AE69CC0068014A /* ViewController.mm in Sources */,
				849643E722AF766D0068014A /* MICUiLayoutView.m in Sources */,
				849643C722AF766D0068014A /* MICAcom.m in Sources */,
				849643E522AF766D0068014A /* MICUiStatefulResource.m in Sources */,
				849643D422AF766D0068014A /* MICTree.m in Sources */,
				849643D722AF766D0068014A /* MICUiAccordionCellViewSwicherProc.m in Sources */,
				849643CE22AF766D0068014A /* MICObservers.m in Sources */,
				849643D322AF766D0068014A /* MICArray.m in Sources */,
				849643E122AF766D0068014A /* MICUiDsCustomButton.mm in Sources */,
				849643D022AF766D0068014A /* MICSvgPath.mm in Sources */,
				849643C822AF766D0068014A /* MICResetableEvent.m in Sources */,
				849643F022AF766D0068014A /* MICUiRelativeLayout.mm in Sources */,
				8496432322AE69CD0068014A /* main.m in Sources */,
				849643EB22AF766D0068014A /* MICUiAccordionCellView.mm in Sources */,
				849643DE22AF766D0068014A /* MICUiBaseLayout.m in Sources */,
				849643E622AF766D0068014A /* MICUiDsTabView.mm in Sources */,
				849643D122AF766D0068014A /* MICAsync.m in Sources */,
				8496431522AE69CC0068014A /* AppDelegate.m in Sources */,
				849643DD22AF766D0068014A /* MICUiCellDragHandler.m in Sources */,
				849643E322AF766D0068014A /* MICUiDsTabButton.mm in Sources */,
				849643CD22AF766D0068014A /* MICQueue.m in Sources */,
				849643E922AF766D0068014A /* MICUiAccordionView.mm in Sources */,
				8496434B22AF6F960068014A /* MICCircularProgressBar.mm in Sources */,
				849643CB22AF766D0068014A /* MICPathRepository.m in Sources */,
			);
			runOnlyForDeploymentPostprocessing = 0;
		};
		8496432422AE69CD0068014A /* Sources */ = {
			isa = PBXSourcesBuildPhase;
			buildActionMask = 2147483647;
			files = (
				8496432D22AE69CD0068014A /* cpbTests.m in Sources */,
			);
			runOnlyForDeploymentPostprocessing = 0;
		};
		8496432F22AE69CD0068014A /* Sources */ = {
			isa = PBXSourcesBuildPhase;
			buildActionMask = 2147483647;
			files = (
				8496433822AE69CD0068014A /* cpbUITests.m in Sources */,
			);
			runOnlyForDeploymentPostprocessing = 0;
		};
/* End PBXSourcesBuildPhase section */

/* Begin PBXTargetDependency section */
		8496432A22AE69CD0068014A /* PBXTargetDependency */ = {
			isa = PBXTargetDependency;
			target = 8496430F22AE69CC0068014A /* cpb */;
			targetProxy = 8496432922AE69CD0068014A /* PBXContainerItemProxy */;
		};
		8496433522AE69CD0068014A /* PBXTargetDependency */ = {
			isa = PBXTargetDependency;
			target = 8496430F22AE69CC0068014A /* cpb */;
			targetProxy = 8496433422AE69CD0068014A /* PBXContainerItemProxy */;
		};
/* End PBXTargetDependency section */

/* Begin PBXVariantGroup section */
		8496431922AE69CC0068014A /* Main.storyboard */ = {
			isa = PBXVariantGroup;
			children = (
				8496431A22AE69CC0068014A /* Base */,
			);
			name = Main.storyboard;
			sourceTree = "<group>";
		};
		8496431E22AE69CD0068014A /* LaunchScreen.storyboard */ = {
			isa = PBXVariantGroup;
			children = (
				8496431F22AE69CD0068014A /* Base */,
			);
			name = LaunchScreen.storyboard;
			sourceTree = "<group>";
		};
/* End PBXVariantGroup section */

/* Begin XCBuildConfiguration section */
		8496433A22AE69CD0068014A /* Debug */ = {
			isa = XCBuildConfiguration;
			buildSettings = {
				ALWAYS_SEARCH_USER_PATHS = NO;
				CLANG_ANALYZER_NONNULL = YES;
				CLANG_ANALYZER_NUMBER_OBJECT_CONVERSION = YES_AGGRESSIVE;
				CLANG_CXX_LANGUAGE_STANDARD = "gnu++14";
				CLANG_CXX_LIBRARY = "libc++";
				CLANG_ENABLE_MODULES = YES;
				CLANG_ENABLE_OBJC_ARC = YES;
				CLANG_ENABLE_OBJC_WEAK = YES;
				CLANG_WARN_BLOCK_CAPTURE_AUTORELEASING = YES;
				CLANG_WARN_BOOL_CONVERSION = YES;
				CLANG_WARN_COMMA = YES;
				CLANG_WARN_CONSTANT_CONVERSION = YES;
				CLANG_WARN_DEPRECATED_OBJC_IMPLEMENTATIONS = YES;
				CLANG_WARN_DIRECT_OBJC_ISA_USAGE = YES_ERROR;
				CLANG_WARN_DOCUMENTATION_COMMENTS = YES;
				CLANG_WARN_EMPTY_BODY = YES;
				CLANG_WARN_ENUM_CONVERSION = YES;
				CLANG_WARN_INFINITE_RECURSION = YES;
				CLANG_WARN_INT_CONVERSION = YES;
				CLANG_WARN_NON_LITERAL_NULL_CONVERSION = YES;
				CLANG_WARN_OBJC_IMPLICIT_RETAIN_SELF = YES;
				CLANG_WARN_OBJC_LITERAL_CONVERSION = YES;
				CLANG_WARN_OBJC_ROOT_CLASS = YES_ERROR;
				CLANG_WARN_RANGE_LOOP_ANALYSIS = YES;
				CLANG_WARN_STRICT_PROTOTYPES = YES;
				CLANG_WARN_SUSPICIOUS_MOVE = YES;
				CLANG_WARN_UNGUARDED_AVAILABILITY = YES_AGGRESSIVE;
				CLANG_WARN_UNREACHABLE_CODE = YES;
				CLANG_WARN__DUPLICATE_METHOD_MATCH = YES;
				CODE_SIGN_IDENTITY = "iPhone Developer";
				COPY_PHASE_STRIP = NO;
				DEBUG_INFORMATION_FORMAT = dwarf;
				ENABLE_STRICT_OBJC_MSGSEND = YES;
				ENABLE_TESTABILITY = YES;
				GCC_C_LANGUAGE_STANDARD = gnu11;
				GCC_DYNAMIC_NO_PIC = NO;
				GCC_NO_COMMON_BLOCKS = YES;
				GCC_OPTIMIZATION_LEVEL = 0;
				GCC_PREPROCESSOR_DEFINITIONS = (
					"DEBUG=1",
					"$(inherited)",
				);
				GCC_WARN_64_TO_32_BIT_CONVERSION = YES;
				GCC_WARN_ABOUT_RETURN_TYPE = YES_ERROR;
				GCC_WARN_UNDECLARED_SELECTOR = YES;
				GCC_WARN_UNINITIALIZED_AUTOS = YES_AGGRESSIVE;
				GCC_WARN_UNUSED_FUNCTION = YES;
				GCC_WARN_UNUSED_VARIABLE = YES;
				IPHONEOS_DEPLOYMENT_TARGET = 12.2;
				MTL_ENABLE_DEBUG_INFO = INCLUDE_SOURCE;
				MTL_FAST_MATH = YES;
				ONLY_ACTIVE_ARCH = YES;
				SDKROOT = iphoneos;
			};
			name = Debug;
		};
		8496433B22AE69CD0068014A /* Release */ = {
			isa = XCBuildConfiguration;
			buildSettings = {
				ALWAYS_SEARCH_USER_PATHS = NO;
				CLANG_ANALYZER_NONNULL = YES;
				CLANG_ANALYZER_NUMBER_OBJECT_CONVERSION = YES_AGGRESSIVE;
				CLANG_CXX_LANGUAGE_STANDARD = "gnu++14";
				CLANG_CXX_LIBRARY = "libc++";
				CLANG_ENABLE_MODULES = YES;
				CLANG_ENABLE_OBJC_ARC = YES;
				CLANG_ENABLE_OBJC_WEAK = YES;
				CLANG_WARN_BLOCK_CAPTURE_AUTORELEASING = YES;
				CLANG_WARN_BOOL_CONVERSION = YES;
				CLANG_WARN_COMMA = YES;
				CLANG_WARN_CONSTANT_CONVERSION = YES;
				CLANG_WARN_DEPRECATED_OBJC_IMPLEMENTATIONS = YES;
				CLANG_WARN_DIRECT_OBJC_ISA_USAGE = YES_ERROR;
				CLANG_WARN_DOCUMENTATION_COMMENTS = YES;
				CLANG_WARN_EMPTY_BODY = YES;
				CLANG_WARN_ENUM_CONVERSION = YES;
				CLANG_WARN_INFINITE_RECURSION = YES;
				CLANG_WARN_INT_CONVERSION = YES;
				CLANG_WARN_NON_LITERAL_NULL_CONVERSION = YES;
				CLANG_WARN_OBJC_IMPLICIT_RETAIN_SELF = YES;
				CLANG_WARN_OBJC_LITERAL_CONVERSION = YES;
				CLANG_WARN_OBJC_ROOT_CLASS = YES_ERROR;
				CLANG_WARN_RANGE_LOOP_ANALYSIS = YES;
				CLANG_WARN_STRICT_PROTOTYPES = YES;
				CLANG_WARN_SUSPICIOUS_MOVE = YES;
				CLANG_WARN_UNGUARDED_AVAILABILITY = YES_AGGRESSIVE;
				CLANG_WARN_UNREACHABLE_CODE = YES;
				CLANG_WARN__DUPLICATE_METHOD_MATCH = YES;
				CODE_SIGN_IDENTITY = "iPhone Developer";
				COPY_PHASE_STRIP = NO;
				DEBUG_INFORMATION_FORMAT = "dwarf-with-dsym";
				ENABLE_NS_ASSERTIONS = NO;
				ENABLE_STRICT_OBJC_MSGSEND = YES;
				GCC_C_LANGUAGE_STANDARD = gnu11;
				GCC_NO_COMMON_BLOCKS = YES;
				GCC_WARN_64_TO_32_BIT_CONVERSION = YES;
				GCC_WARN_ABOUT_RETURN_TYPE = YES_ERROR;
				GCC_WARN_UNDECLARED_SELECTOR = YES;
				GCC_WARN_UNINITIALIZED_AUTOS = YES_AGGRESSIVE;
				GCC_WARN_UNUSED_FUNCTION = YES;
				GCC_WARN_UNUSED_VARIABLE = YES;
				IPHONEOS_DEPLOYMENT_TARGET = 12.2;
				MTL_ENABLE_DEBUG_INFO = NO;
				MTL_FAST_MATH = YES;
				SDKROOT = iphoneos;
				VALIDATE_PRODUCT = YES;
			};
			name = Release;
		};
		8496433D22AE69CD0068014A /* Debug */ = {
			isa = XCBuildConfiguration;
			buildSettings = {
				ASSETCATALOG_COMPILER_APPICON_NAME = AppIcon;
				CODE_SIGN_STYLE = Automatic;
				INFOPLIST_FILE = cpb/Info.plist;
				LD_RUNPATH_SEARCH_PATHS = (
					"$(inherited)",
					"@executable_path/Frameworks",
				);
				PRODUCT_BUNDLE_IDENTIFIER = com.michael.cpb;
				PRODUCT_NAME = "$(TARGET_NAME)";
				TARGETED_DEVICE_FAMILY = "1,2";
			};
			name = Debug;
		};
		8496433E22AE69CD0068014A /* Release */ = {
			isa = XCBuildConfiguration;
			buildSettings = {
				ASSETCATALOG_COMPILER_APPICON_NAME = AppIcon;
				CODE_SIGN_STYLE = Automatic;
				INFOPLIST_FILE = cpb/Info.plist;
				LD_RUNPATH_SEARCH_PATHS = (
					"$(inherited)",
					"@executable_path/Frameworks",
				);
				PRODUCT_BUNDLE_IDENTIFIER = com.michael.cpb;
				PRODUCT_NAME = "$(TARGET_NAME)";
				TARGETED_DEVICE_FAMILY = "1,2";
			};
			name = Release;
		};
		8496434022AE69CD0068014A /* Debug */ = {
			isa = XCBuildConfiguration;
			buildSettings = {
				BUNDLE_LOADER = "$(TEST_HOST)";
				CODE_SIGN_STYLE = Automatic;
				INFOPLIST_FILE = cpbTests/Info.plist;
				LD_RUNPATH_SEARCH_PATHS = (
					"$(inherited)",
					"@executable_path/Frameworks",
					"@loader_path/Frameworks",
				);
				PRODUCT_BUNDLE_IDENTIFIER = com.michael.cpbTests;
				PRODUCT_NAME = "$(TARGET_NAME)";
				TARGETED_DEVICE_FAMILY = "1,2";
				TEST_HOST = "$(BUILT_PRODUCTS_DIR)/cpb.app/cpb";
			};
			name = Debug;
		};
		8496434122AE69CD0068014A /* Release */ = {
			isa = XCBuildConfiguration;
			buildSettings = {
				BUNDLE_LOADER = "$(TEST_HOST)";
				CODE_SIGN_STYLE = Automatic;
				INFOPLIST_FILE = cpbTests/Info.plist;
				LD_RUNPATH_SEARCH_PATHS = (
					"$(inherited)",
					"@executable_path/Frameworks",
					"@loader_path/Frameworks",
				);
				PRODUCT_BUNDLE_IDENTIFIER = com.michael.cpbTests;
				PRODUCT_NAME = "$(TARGET_NAME)";
				TARGETED_DEVICE_FAMILY = "1,2";
				TEST_HOST = "$(BUILT_PRODUCTS_DIR)/cpb.app/cpb";
			};
			name = Release;
		};
		8496434322AE69CD0068014A /* Debug */ = {
			isa = XCBuildConfiguration;
			buildSettings = {
				CODE_SIGN_STYLE = Automatic;
				INFOPLIST_FILE = cpbUITests/Info.plist;
				LD_RUNPATH_SEARCH_PATHS = (
					"$(inherited)",
					"@executable_path/Frameworks",
					"@loader_path/Frameworks",
				);
				PRODUCT_BUNDLE_IDENTIFIER = com.michael.cpbUITests;
				PRODUCT_NAME = "$(TARGET_NAME)";
				TARGETED_DEVICE_FAMILY = "1,2";
				TEST_TARGET_NAME = cpb;
			};
			name = Debug;
		};
		8496434422AE69CD0068014A /* Release */ = {
			isa = XCBuildConfiguration;
			buildSettings = {
				CODE_SIGN_STYLE = Automatic;
				INFOPLIST_FILE = cpbUITests/Info.plist;
				LD_RUNPATH_SEARCH_PATHS = (
					"$(inherited)",
					"@executable_path/Frameworks",
					"@loader_path/Frameworks",
				);
				PRODUCT_BUNDLE_IDENTIFIER = com.michael.cpbUITests;
				PRODUCT_NAME = "$(TARGET_NAME)";
				TARGETED_DEVICE_FAMILY = "1,2";
				TEST_TARGET_NAME = cpb;
			};
			name = Release;
		};
/* End XCBuildConfiguration section */

/* Begin XCConfigurationList section */
		8496430B22AE69CC0068014A /* Build configuration list for PBXProject "cpb" */ = {
			isa = XCConfigurationList;
			buildConfigurations = (
				8496433A22AE69CD0068014A /* Debug */,
				8496433B22AE69CD0068014A /* Release */,
			);
			defaultConfigurationIsVisible = 0;
			defaultConfigurationName = Release;
		};
		8496433C22AE69CD0068014A /* Build configuration list for PBXNativeTarget "cpb" */ = {
			isa = XCConfigurationList;
			buildConfigurations = (
				8496433D22AE69CD0068014A /* Debug */,
				8496433E22AE69CD0068014A /* Release */,
			);
			defaultConfigurationIsVisible = 0;
			defaultConfigurationName = Release;
		};
		8496433F22AE69CD0068014A /* Build configuration list for PBXNativeTarget "cpbTests" */ = {
			isa = XCConfigurationList;
			buildConfigurations = (
				8496434022AE69CD0068014A /* Debug */,
				8496434122AE69CD0068014A /* Release */,
			);
			defaultConfigurationIsVisible = 0;
			defaultConfigurationName = Release;
		};
		8496434222AE69CD0068014A /* Build configuration list for PBXNativeTarget "cpbUITests" */ = {
			isa = XCConfigurationList;
			buildConfigurations = (
				8496434322AE69CD0068014A /* Debug */,
				8496434422AE69CD0068014A /* Release */,
			);
			defaultConfigurationIsVisible = 0;
			defaultConfigurationName = Release;
		};
/* End XCConfigurationList section */
	};
	rootObject = 8496430822AE69CC0068014A /* Project object */;
}
